// !$*UTF8*$!
{
	archiveVersion = 1;
	classes = {
	};
	objectVersion = 46;
	objects = {

/* Begin PBXBuildFile section */
		1117D8B31CA943FB0005E910 /* AlbumRow.m in Sources */ = {isa = PBXBuildFile; fileRef = 1117D8B21CA943FB0005E910 /* AlbumRow.m */; };
		1117D8B61CA95F960005E910 /* AssetImageView.m in Sources */ = {isa = PBXBuildFile; fileRef = 1117D8B51CA95F960005E910 /* AssetImageView.m */; };
		1117D8BC1CA9995C0005E910 /* Localizable.strings in Resources */ = {isa = PBXBuildFile; fileRef = 1117D8BE1CA9995C0005E910 /* Localizable.strings */; };
		113620D71CAA8F8500ED51CC /* LaunchScreen.storyboard in Resources */ = {isa = PBXBuildFile; fileRef = 113620D61CAA8F8500ED51CC /* LaunchScreen.storyboard */; };
		1139263B1CA043100083EDE3 /* main.m in Sources */ = {isa = PBXBuildFile; fileRef = 1139263A1CA043100083EDE3 /* main.m */; };
		1139263E1CA043100083EDE3 /* AppDelegate.m in Sources */ = {isa = PBXBuildFile; fileRef = 1139263D1CA043100083EDE3 /* AppDelegate.m */; };
		113926461CA043100083EDE3 /* Assets.xcassets in Resources */ = {isa = PBXBuildFile; fileRef = 113926451CA043100083EDE3 /* Assets.xcassets */; };
		113926661CA04D070083EDE3 /* ViewerViewController.m in Sources */ = {isa = PBXBuildFile; fileRef = 113926651CA04D070083EDE3 /* ViewerViewController.m */; };
		113926691CA05C2C0083EDE3 /* Photos.framework in Frameworks */ = {isa = PBXBuildFile; fileRef = 113926681CA05C2C0083EDE3 /* Photos.framework */; };
		11B081171CA546170045D141 /* PhotoViewController.m in Sources */ = {isa = PBXBuildFile; fileRef = 11B081161CA546170045D141 /* PhotoViewController.m */; };
		11E8A3F71CA1B82500896395 /* PhotosCollectionViewController.m in Sources */ = {isa = PBXBuildFile; fileRef = 11E8A3F61CA1B82500896395 /* PhotosCollectionViewController.m */; };
		11E8A3FA1CA1B9D800896395 /* AlbumsTableViewController.m in Sources */ = {isa = PBXBuildFile; fileRef = 11E8A3F91CA1B9D800896395 /* AlbumsTableViewController.m */; };
		11E8A3FD1CA1BB0F00896395 /* AlbumTableViewCell.m in Sources */ = {isa = PBXBuildFile; fileRef = 11E8A3FC1CA1BB0F00896395 /* AlbumTableViewCell.m */; };
		11E8A4001CA1C70000896395 /* PhotoCollectionViewCell.m in Sources */ = {isa = PBXBuildFile; fileRef = 11E8A3FF1CA1C70000896395 /* PhotoCollectionViewCell.m */; };
/* End PBXBuildFile section */

/* Begin PBXFileReference section */
		1117D8B11CA943FB0005E910 /* AlbumRow.h */ = {isa = PBXFileReference; fileEncoding = 4; lastKnownFileType = sourcecode.c.h; path = AlbumRow.h; sourceTree = "<group>"; };
		1117D8B21CA943FB0005E910 /* AlbumRow.m */ = {isa = PBXFileReference; fileEncoding = 4; lastKnownFileType = sourcecode.c.objc; path = AlbumRow.m; sourceTree = "<group>"; };
		1117D8B41CA95F960005E910 /* AssetImageView.h */ = {isa = PBXFileReference; fileEncoding = 4; lastKnownFileType = sourcecode.c.h; path = AssetImageView.h; sourceTree = "<group>"; };
		1117D8B51CA95F960005E910 /* AssetImageView.m */ = {isa = PBXFileReference; fileEncoding = 4; lastKnownFileType = sourcecode.c.objc; path = AssetImageView.m; sourceTree = "<group>"; };
		1117D8BD1CA9995C0005E910 /* en */ = {isa = PBXFileReference; lastKnownFileType = text.plist.strings; name = en; path = en.lproj/Localizable.strings; sourceTree = "<group>"; };
		1117D8C01CA99A690005E910 /* ru */ = {isa = PBXFileReference; lastKnownFileType = text.plist.strings; name = ru; path = ru.lproj/Localizable.strings; sourceTree = "<group>"; };
		113620D61CAA8F8500ED51CC /* LaunchScreen.storyboard */ = {isa = PBXFileReference; fileEncoding = 4; lastKnownFileType = file.storyboard; path = LaunchScreen.storyboard; sourceTree = "<group>"; };
		113926361CA043100083EDE3 /* Photos.app */ = {isa = PBXFileReference; explicitFileType = wrapper.application; includeInIndex = 0; path = Photos.app; sourceTree = BUILT_PRODUCTS_DIR; };
		1139263A1CA043100083EDE3 /* main.m */ = {isa = PBXFileReference; lastKnownFileType = sourcecode.c.objc; path = main.m; sourceTree = "<group>"; };
		1139263C1CA043100083EDE3 /* AppDelegate.h */ = {isa = PBXFileReference; lastKnownFileType = sourcecode.c.h; path = AppDelegate.h; sourceTree = "<group>"; };
		1139263D1CA043100083EDE3 /* AppDelegate.m */ = {isa = PBXFileReference; lastKnownFileType = sourcecode.c.objc; path = AppDelegate.m; sourceTree = "<group>"; };
		113926451CA043100083EDE3 /* Assets.xcassets */ = {isa = PBXFileReference; lastKnownFileType = folder.assetcatalog; path = Assets.xcassets; sourceTree = "<group>"; };
		1139264A1CA043100083EDE3 /* Info.plist */ = {isa = PBXFileReference; lastKnownFileType = text.plist.xml; path = Info.plist; sourceTree = "<group>"; };
		113926641CA04D070083EDE3 /* ViewerViewController.h */ = {isa = PBXFileReference; fileEncoding = 4; lastKnownFileType = sourcecode.c.h; path = ViewerViewController.h; sourceTree = "<group>"; };
		113926651CA04D070083EDE3 /* ViewerViewController.m */ = {isa = PBXFileReference; fileEncoding = 4; lastKnownFileType = sourcecode.c.objc; path = ViewerViewController.m; sourceTree = "<group>"; };
		113926681CA05C2C0083EDE3 /* Photos.framework */ = {isa = PBXFileReference; lastKnownFileType = wrapper.framework; name = Photos.framework; path = System/Library/Frameworks/Photos.framework; sourceTree = SDKROOT; };
		11B081151CA546170045D141 /* PhotoViewController.h */ = {isa = PBXFileReference; fileEncoding = 4; lastKnownFileType = sourcecode.c.h; path = PhotoViewController.h; sourceTree = "<group>"; };
		11B081161CA546170045D141 /* PhotoViewController.m */ = {isa = PBXFileReference; fileEncoding = 4; lastKnownFileType = sourcecode.c.objc; path = PhotoViewController.m; sourceTree = "<group>"; };
		11E8A3F51CA1B82500896395 /* PhotosCollectionViewController.h */ = {isa = PBXFileReference; fileEncoding = 4; lastKnownFileType = sourcecode.c.h; path = PhotosCollectionViewController.h; sourceTree = "<group>"; };
		11E8A3F61CA1B82500896395 /* PhotosCollectionViewController.m */ = {isa = PBXFileReference; fileEncoding = 4; lastKnownFileType = sourcecode.c.objc; path = PhotosCollectionViewController.m; sourceTree = "<group>"; };
		11E8A3F81CA1B9D800896395 /* AlbumsTableViewController.h */ = {isa = PBXFileReference; fileEncoding = 4; lastKnownFileType = sourcecode.c.h; path = AlbumsTableViewController.h; sourceTree = "<group>"; };
		11E8A3F91CA1B9D800896395 /* AlbumsTableViewController.m */ = {isa = PBXFileReference; fileEncoding = 4; lastKnownFileType = sourcecode.c.objc; path = AlbumsTableViewController.m; sourceTree = "<group>"; };
		11E8A3FB1CA1BB0F00896395 /* AlbumTableViewCell.h */ = {isa = PBXFileReference; fileEncoding = 4; lastKnownFileType = sourcecode.c.h; path = AlbumTableViewCell.h; sourceTree = "<group>"; };
		11E8A3FC1CA1BB0F00896395 /* AlbumTableViewCell.m */ = {isa = PBXFileReference; fileEncoding = 4; lastKnownFileType = sourcecode.c.objc; path = AlbumTableViewCell.m; sourceTree = "<group>"; };
		11E8A3FE1CA1C70000896395 /* PhotoCollectionViewCell.h */ = {isa = PBXFileReference; fileEncoding = 4; lastKnownFileType = sourcecode.c.h; path = PhotoCollectionViewCell.h; sourceTree = "<group>"; };
		11E8A3FF1CA1C70000896395 /* PhotoCollectionViewCell.m */ = {isa = PBXFileReference; fileEncoding = 4; lastKnownFileType = sourcecode.c.objc; path = PhotoCollectionViewCell.m; sourceTree = "<group>"; };
/* End PBXFileReference section */

/* Begin PBXFrameworksBuildPhase section */
		113926331CA043100083EDE3 /* Frameworks */ = {
			isa = PBXFrameworksBuildPhase;
			buildActionMask = 2147483647;
			files = (
				113926691CA05C2C0083EDE3 /* Photos.framework in Frameworks */,
			);
			runOnlyForDeploymentPostprocessing = 0;
		};
/* End PBXFrameworksBuildPhase section */

/* Begin PBXGroup section */
		1139262D1CA043100083EDE3 = {
			isa = PBXGroup;
			children = (
				113926681CA05C2C0083EDE3 /* Photos.framework */,
				113926381CA043100083EDE3 /* Photos */,
				113926371CA043100083EDE3 /* Products */,
			);
			sourceTree = "<group>";
		};
		113926371CA043100083EDE3 /* Products */ = {
			isa = PBXGroup;
			children = (
				113926361CA043100083EDE3 /* Photos.app */,
			);
			name = Products;
			sourceTree = "<group>";
		};
		113926381CA043100083EDE3 /* Photos */ = {
			isa = PBXGroup;
			children = (
				113926391CA043100083EDE3 /* Supporting Files */,
				1139266A1CA072FC0083EDE3 /* Application */,
				1139266B1CA073FD0083EDE3 /* Common */,
				113926621CA04B900083EDE3 /* Albums */,
				113926631CA04BAB0083EDE3 /* Photos */,
				113926671CA04D0A0083EDE3 /* Viewer */,
			);
			path = Photos;
			sourceTree = "<group>";
		};
		113926391CA043100083EDE3 /* Supporting Files */ = {
			isa = PBXGroup;
			children = (
				1139263A1CA043100083EDE3 /* main.m */,
			);
			name = "Supporting Files";
			sourceTree = "<group>";
		};
		113926621CA04B900083EDE3 /* Albums */ = {
			isa = PBXGroup;
			children = (
				11E8A3F81CA1B9D800896395 /* AlbumsTableViewController.h */,
				11E8A3F91CA1B9D800896395 /* AlbumsTableViewController.m */,
				11E8A3FB1CA1BB0F00896395 /* AlbumTableViewCell.h */,
				11E8A3FC1CA1BB0F00896395 /* AlbumTableViewCell.m */,
			);
			name = Albums;
			sourceTree = "<group>";
		};
		113926631CA04BAB0083EDE3 /* Photos */ = {
			isa = PBXGroup;
			children = (
				11E8A3F51CA1B82500896395 /* PhotosCollectionViewController.h */,
				11E8A3F61CA1B82500896395 /* PhotosCollectionViewController.m */,
				11E8A3FE1CA1C70000896395 /* PhotoCollectionViewCell.h */,
				11E8A3FF1CA1C70000896395 /* PhotoCollectionViewCell.m */,
			);
			name = Photos;
			sourceTree = "<group>";
		};
		113926671CA04D0A0083EDE3 /* Viewer */ = {
			isa = PBXGroup;
			children = (
				113926641CA04D070083EDE3 /* ViewerViewController.h */,
				113926651CA04D070083EDE3 /* ViewerViewController.m */,
				11B081151CA546170045D141 /* PhotoViewController.h */,
				11B081161CA546170045D141 /* PhotoViewController.m */,
			);
			name = Viewer;
			sourceTree = "<group>";
		};
		1139266A1CA072FC0083EDE3 /* Application */ = {
			isa = PBXGroup;
			children = (
				113926451CA043100083EDE3 /* Assets.xcassets */,
				1139264A1CA043100083EDE3 /* Info.plist */,
				1139263C1CA043100083EDE3 /* AppDelegate.h */,
				1139263D1CA043100083EDE3 /* AppDelegate.m */,
				1117D8BE1CA9995C0005E910 /* Localizable.strings */,
				113620D61CAA8F8500ED51CC /* LaunchScreen.storyboard */,
			);
			name = Application;
			sourceTree = "<group>";
		};
		1139266B1CA073FD0083EDE3 /* Common */ = {
			isa = PBXGroup;
			children = (
				1117D8B41CA95F960005E910 /* AssetImageView.h */,
				1117D8B51CA95F960005E910 /* AssetImageView.m */,
				1117D8B11CA943FB0005E910 /* AlbumRow.h */,
				1117D8B21CA943FB0005E910 /* AlbumRow.m */,
			);
			name = Common;
			sourceTree = "<group>";
		};
/* End PBXGroup section */

/* Begin PBXNativeTarget section */
		113926351CA043100083EDE3 /* Photos */ = {
			isa = PBXNativeTarget;
			buildConfigurationList = 1139264D1CA043100083EDE3 /* Build configuration list for PBXNativeTarget "Photos" */;
			buildPhases = (
				113926321CA043100083EDE3 /* Sources */,
				113926331CA043100083EDE3 /* Frameworks */,
				113926341CA043100083EDE3 /* Resources */,
			);
			buildRules = (
			);
			dependencies = (
			);
			name = Photos;
			productName = Photos;
			productReference = 113926361CA043100083EDE3 /* Photos.app */;
			productType = "com.apple.product-type.application";
		};
/* End PBXNativeTarget section */

/* Begin PBXProject section */
		1139262E1CA043100083EDE3 /* Project object */ = {
			isa = PBXProject;
			attributes = {
				LastUpgradeCheck = 0720;
				ORGANIZATIONNAME = "Alexander Grebenschikov";
				TargetAttributes = {
					113926351CA043100083EDE3 = {
						CreatedOnToolsVersion = 7.2.1;
					};
				};
			};
			buildConfigurationList = 113926311CA043100083EDE3 /* Build configuration list for PBXProject "Photos" */;
			compatibilityVersion = "Xcode 3.2";
			developmentRegion = English;
			hasScannedForEncodings = 0;
			knownRegions = (
				en,
				ru,
			);
			mainGroup = 1139262D1CA043100083EDE3;
			productRefGroup = 113926371CA043100083EDE3 /* Products */;
			projectDirPath = "";
			projectRoot = "";
			targets = (
				113926351CA043100083EDE3 /* Photos */,
			);
		};
/* End PBXProject section */

/* Begin PBXResourcesBuildPhase section */
		113926341CA043100083EDE3 /* Resources */ = {
			isa = PBXResourcesBuildPhase;
			buildActionMask = 2147483647;
			files = (
				113620D71CAA8F8500ED51CC /* LaunchScreen.storyboard in Resources */,
				1117D8BC1CA9995C0005E910 /* Localizable.strings in Resources */,
				113926461CA043100083EDE3 /* Assets.xcassets in Resources */,
			);
			runOnlyForDeploymentPostprocessing = 0;
		};
/* End PBXResourcesBuildPhase section */

/* Begin PBXSourcesBuildPhase section */
		113926321CA043100083EDE3 /* Sources */ = {
			isa = PBXSourcesBuildPhase;
			buildActionMask = 2147483647;
			files = (
				11E8A3FA1CA1B9D800896395 /* AlbumsTableViewController.m in Sources */,
				11E8A4001CA1C70000896395 /* PhotoCollectionViewCell.m in Sources */,
				1139263E1CA043100083EDE3 /* AppDelegate.m in Sources */,
				11E8A3FD1CA1BB0F00896395 /* AlbumTableViewCell.m in Sources */,
				1117D8B31CA943FB0005E910 /* AlbumRow.m in Sources */,
				113926661CA04D070083EDE3 /* ViewerViewController.m in Sources */,
				1117D8B61CA95F960005E910 /* AssetImageView.m in Sources */,
				11E8A3F71CA1B82500896395 /* PhotosCollectionViewController.m in Sources */,
				1139263B1CA043100083EDE3 /* main.m in Sources */,
				11B081171CA546170045D141 /* PhotoViewController.m in Sources */,
			);
			runOnlyForDeploymentPostprocessing = 0;
		};
/* End PBXSourcesBuildPhase section */

/* Begin PBXVariantGroup section */
		1117D8BE1CA9995C0005E910 /* Localizable.strings */ = {
			isa = PBXVariantGroup;
			children = (
				1117D8BD1CA9995C0005E910 /* en */,
				1117D8C01CA99A690005E910 /* ru */,
			);
			name = Localizable.strings;
			sourceTree = "<group>";
		};
/* End PBXVariantGroup section */

/* Begin XCBuildConfiguration section */
		1139264B1CA043100083EDE3 /* Debug */ = {
			isa = XCBuildConfiguration;
			buildSettings = {
				ALWAYS_SEARCH_USER_PATHS = NO;
				CLANG_CXX_LANGUAGE_STANDARD = "gnu++0x";
				CLANG_CXX_LIBRARY = "libc++";
				CLANG_ENABLE_MODULES = YES;
				CLANG_ENABLE_OBJC_ARC = YES;
				CLANG_WARN_BOOL_CONVERSION = YES;
				CLANG_WARN_CONSTANT_CONVERSION = YES;
				CLANG_WARN_DIRECT_OBJC_ISA_USAGE = YES_ERROR;
				CLANG_WARN_EMPTY_BODY = YES;
				CLANG_WARN_ENUM_CONVERSION = YES;
				CLANG_WARN_INT_CONVERSION = YES;
				CLANG_WARN_OBJC_ROOT_CLASS = YES_ERROR;
				CLANG_WARN_UNREACHABLE_CODE = YES;
				CLANG_WARN__DUPLICATE_METHOD_MATCH = YES;
				"CODE_SIGN_IDENTITY[sdk=iphoneos*]" = "iPhone Developer";
				COPY_PHASE_STRIP = NO;
				DEBUG_INFORMATION_FORMAT = dwarf;
				ENABLE_STRICT_OBJC_MSGSEND = YES;
				ENABLE_TESTABILITY = YES;
				GCC_C_LANGUAGE_STANDARD = gnu99;
				GCC_DYNAMIC_NO_PIC = NO;
				GCC_NO_COMMON_BLOCKS = YES;
				GCC_OPTIMIZATION_LEVEL = 0;
				GCC_PREPROCESSOR_DEFINITIONS = (
					"DEBUG=1",
					"$(inherited)",
				);
				GCC_WARN_64_TO_32_BIT_CONVERSION = YES;
				GCC_WARN_ABOUT_RETURN_TYPE = YES_ERROR;
				GCC_WARN_UNDECLARED_SELECTOR = YES;
				GCC_WARN_UNINITIALIZED_AUTOS = YES_AGGRESSIVE;
				GCC_WARN_UNUSED_FUNCTION = YES;
				GCC_WARN_UNUSED_VARIABLE = YES;
				IPHONEOS_DEPLOYMENT_TARGET = 9.2;
				MTL_ENABLE_DEBUG_INFO = YES;
				ONLY_ACTIVE_ARCH = YES;
				SDKROOT = iphoneos;
			};
			name = Debug;
		};
		1139264C1CA043100083EDE3 /* Release */ = {
			isa = XCBuildConfiguration;
			buildSettings = {
				ALWAYS_SEARCH_USER_PATHS = NO;
				CLANG_CXX_LANGUAGE_STANDARD = "gnu++0x";
				CLANG_CXX_LIBRARY = "libc++";
				CLANG_ENABLE_MODULES = YES;
				CLANG_ENABLE_OBJC_ARC = YES;
				CLANG_WARN_BOOL_CONVERSION = YES;
				CLANG_WARN_CONSTANT_CONVERSION = YES;
				CLANG_WARN_DIRECT_OBJC_ISA_USAGE = YES_ERROR;
				CLANG_WARN_EMPTY_BODY = YES;
				CLANG_WARN_ENUM_CONVERSION = YES;
				CLANG_WARN_INT_CONVERSION = YES;
				CLANG_WARN_OBJC_ROOT_CLASS = YES_ERROR;
				CLANG_WARN_UNREACHABLE_CODE = YES;
				CLANG_WARN__DUPLICATE_METHOD_MATCH = YES;
				"CODE_SIGN_IDENTITY[sdk=iphoneos*]" = "iPhone Developer";
				COPY_PHASE_STRIP = NO;
				DEBUG_INFORMATION_FORMAT = "dwarf-with-dsym";
				ENABLE_NS_ASSERTIONS = NO;
				ENABLE_STRICT_OBJC_MSGSEND = YES;
				GCC_C_LANGUAGE_STANDARD = gnu99;
				GCC_NO_COMMON_BLOCKS = YES;
				GCC_WARN_64_TO_32_BIT_CONVERSION = YES;
				GCC_WARN_ABOUT_RETURN_TYPE = YES_ERROR;
				GCC_WARN_UNDECLARED_SELECTOR = YES;
				GCC_WARN_UNINITIALIZED_AUTOS = YES_AGGRESSIVE;
				GCC_WARN_UNUSED_FUNCTION = YES;
				GCC_WARN_UNUSED_VARIABLE = YES;
				IPHONEOS_DEPLOYMENT_TARGET = 9.2;
				MTL_ENABLE_DEBUG_INFO = NO;
				SDKROOT = iphoneos;
				VALIDATE_PRODUCT = YES;
			};
			name = Release;
		};
		1139264E1CA043100083EDE3 /* Debug */ = {
			isa = XCBuildConfiguration;
			buildSettings = {
				ASSETCATALOG_COMPILER_APPICON_NAME = AppIcon;
				INFOPLIST_FILE = Photos/Info.plist;
				IPHONEOS_DEPLOYMENT_TARGET = 9.0;
				LD_RUNPATH_SEARCH_PATHS = "$(inherited) @executable_path/Frameworks";
				PRODUCT_BUNDLE_IDENTIFIER = su.package.photos;
				PRODUCT_NAME = "$(TARGET_NAME)";
			};
			name = Debug;
		};
		1139264F1CA043100083EDE3 /* Release */ = {
			isa = XCBuildConfiguration;
			buildSettings = {
				ASSETCATALOG_COMPILER_APPICON_NAME = AppIcon;
				INFOPLIST_FILE = Photos/Info.plist;
				IPHONEOS_DEPLOYMENT_TARGET = 9.0;
				LD_RUNPATH_SEARCH_PATHS = "$(inherited) @executable_path/Frameworks";
				PRODUCT_BUNDLE_IDENTIFIER = su.package.photos;
				PRODUCT_NAME = "$(TARGET_NAME)";
			};
			name = Release;
		};
/* End XCBuildConfiguration section */

/* Begin XCConfigurationList section */
		113926311CA043100083EDE3 /* Build configuration list for PBXProject "Photos" */ = {
			isa = XCConfigurationList;
			buildConfigurations = (
				1139264B1CA043100083EDE3 /* Debug */,
				1139264C1CA043100083EDE3 /* Release */,
			);
			defaultConfigurationIsVisible = 0;
			defaultConfigurationName = Release;
		};
		1139264D1CA043100083EDE3 /* Build configuration list for PBXNativeTarget "Photos" */ = {
			isa = XCConfigurationList;
			buildConfigurations = (
				1139264E1CA043100083EDE3 /* Debug */,
				1139264F1CA043100083EDE3 /* Release */,
			);
			defaultConfigurationIsVisible = 0;
			defaultConfigurationName = Release;
		};
/* End XCConfigurationList section */
	};
	rootObject = 1139262E1CA043100083EDE3 /* Project object */;
}
